# This file is autogenerated, do not edit; changes may be undone by the next 'dep ensure'.


[[projects]]
  branch = "master"
  name = "github.com/AndreasBriese/bbloom"
  packages = ["."]
  revision = "28f7e881ca57bc00e028f9ede9f0d9104cfeef5e"

[[projects]]
  branch = "master"
  name = "github.com/Legenddigital/base58"
  packages = ["."]
  revision = "a4687319920bab1c541d5258adb33bae272ff2ff"

[[projects]]
  branch = "master"
  name = "github.com/Legenddigital/lddld"
  packages = [
    "blockchain",
    "blockchain/internal/dbnamespace",
    "blockchain/internal/progresslog",
    "blockchain/stake",
    "blockchain/stake/internal/dbnamespace",
    "blockchain/stake/internal/ticketdb",
    "blockchain/stake/internal/tickettreap",
    "chaincfg",
    "chaincfg/chainec",
    "chaincfg/chainhash",
    "database",
    "database/ffldb",
    "database/internal/treap",
    "gcs",
    "gcs/blockcf",
    "hdkeychain",
    "lddlec",
    "lddlec/edwards",
    "lddlec/secp256k1",
    "lddlec/secp256k1/schnorr",
    "lddljson",
    "lddlutil",
    "rpcclient",
    "txscript",
    "wire"
  ]
  revision = "4d372971ed02c83c4e5b174bd18d61968dc44a9a"

[[projects]]
  branch = "master"
  name = "github.com/Legenddigital/lddlwallet"
  packages = [
    "errors",
    "internal/helpers",
    "internal/zero",
    "netparams",
    "wallet/internal/snacl",
    "wallet/internal/txsizes",
    "wallet/internal/walletdb",
    "wallet/txauthor",
    "wallet/txrules",
    "wallet/udb"
  ]
  revision = "4e70c3346bb8b0976132dc2d77b5081e3cdd797b"

[[projects]]
  branch = "master"
  name = "github.com/Legenddigital/slog"
  packages = ["."]
  revision = "fc479e23ea80f48bdb5e9608fce2e7e3fb470be7"

[[projects]]
  name = "github.com/aead/siphash"
  packages = ["."]
  revision = "83563a290f60225eb120d724600b9690c3fb536f"
  version = "v1.0.1"

[[projects]]
  branch = "master"
  name = "github.com/agl/ed25519"
  packages = [
    ".",
    "edwards25519"
  ]
  revision = "5312a61534124124185d41f09206b9fef1d88403"

[[projects]]
  name = "github.com/asdine/storm"
  packages = [
    ".",
    "codec",
    "codec/json",
    "index",
    "internal",
    "q"
  ]
  revision = "bda68dab90fc908ee5dbccb36400edf4f54972d6"
  version = "v2.1.1"

[[projects]]
  branch = "master"
  name = "github.com/btcsuite/go-flags"
  packages = ["."]
  revision = "6c288d648c1cc1befcb90cb5511dcacf64ae8e61"

[[projects]]
  branch = "master"
  name = "github.com/btcsuite/go-socks"
  packages = ["socks"]
  revision = "4720035b7bfd2a9bb130b1c184f8bbe41b6f0d0f"

[[projects]]
  name = "github.com/btcsuite/goleveldb"
  packages = [
    "leveldb",
    "leveldb/cache",
    "leveldb/comparer",
    "leveldb/errors",
    "leveldb/filter",
    "leveldb/iterator",
    "leveldb/journal",
    "leveldb/memdb",
    "leveldb/opt",
    "leveldb/storage",
    "leveldb/table",
    "leveldb/util"
  ]
  revision = "3fd0373267b6461dbefe91cef614278064d05465"
  version = "v1.0.0"

[[projects]]
  name = "github.com/btcsuite/snappy-go"
  packages = ["."]
  revision = "b3db38edf0a9a11a115eb6b022d8c946024a9ac0"
  version = "v1.0.0"

[[projects]]
  branch = "master"
  name = "github.com/chappjc/logrus-prefix"
  packages = ["."]
  revision = "3a1d64819adb569fb9952144dd90c0abe92e2822"

[[projects]]
  branch = "master"
  name = "github.com/chappjc/trylock"
  packages = ["."]
  revision = "9ca31be23b889c622a0b0d3622bb4d7e57ef4800"

[[projects]]
  name = "github.com/coreos/bbolt"
  packages = ["."]
  revision = "583e8937c61f1af6513608ccc75c97b6abdf4ff9"
  version = "v1.3.0"

[[projects]]
  name = "github.com/davecgh/go-spew"
  packages = ["spew"]
  revision = "346938d642f2ec3594ed81d874461961cd0faa76"
  version = "v1.1.0"

[[projects]]
  name = "github.com/dchest/blake256"
  packages = ["."]
  revision = "dee3fe6eb0e98dc774a94fc231f85baf7c29d360"
  version = "v1.0.0"

[[projects]]
  name = "github.com/dgraph-io/badger"
  packages = [
    ".",
    "options",
    "protos",
    "skl",
    "table",
    "y"
  ]
  revision = "391b6d3b93e6014fe8c2971fcc0c1266e47dbbd9"
  version = "v1.5.3"

[[projects]]
  branch = "master"
  name = "github.com/dgryski/go-farm"
  packages = ["."]
  revision = "2de33835d10275975374b37b2dcfd22c9020a1f5"

[[projects]]
  name = "github.com/didip/tollbooth"
  packages = [
    ".",
    "errors",
    "libstring",
    "limiter"
  ]
  revision = "c95eaa3ddc98f635a91e218b48727fb2e06613ea"
  version = "v4.0.0"

[[projects]]
  branch = "master"
  name = "github.com/didip/tollbooth_chi"
  packages = ["."]
  revision = "6ab5f3083f3d925e1944d58cdaebf43bbbff9238"

[[projects]]
  branch = "master"
  name = "github.com/dustin/go-humanize"
  packages = ["."]
  revision = "9f541cc9db5d55bce703bd99987c9d5cb8eea45e"

[[projects]]
  name = "github.com/go-chi/chi"
  packages = [
    ".",
    "middleware"
  ]
  revision = "e83ac2304db3c50cf03d96a2fcd39009d458bc35"
  version = "v3.3.2"

[[projects]]
  name = "github.com/go-chi/docgen"
  packages = ["."]
  revision = "ac43d9a63f3b58b1e82922411d2de365d896ee72"
  version = "v1.0.2"

[[projects]]
  name = "github.com/golang/protobuf"
  packages = ["proto"]
  revision = "b4deda0973fb4c70b50d226b1af49f3da59f5265"
  version = "v1.1.0"

[[projects]]
  name = "github.com/google/gops"
  packages = [
    "agent",
    "internal",
    "signal"
  ]
  revision = "89672dbe3c4ba97d53af7e839e8097e1ccbb4977"
  version = "v0.3.5"

[[projects]]
  branch = "master"
  name = "github.com/googollee/go-engine.io"
  packages = [
    ".",
    "message",
    "parser",
    "polling",
    "transport",
    "websocket"
  ]
  revision = "3c3145340e676971209507021a435520c2700d92"

[[projects]]
  branch = "master"
  name = "github.com/googollee/go-socket.io"
  packages = ["."]
  revision = "f12da5711bc66c18a0724987fff7f4f3db35c70f"

[[projects]]
  name = "github.com/gorilla/websocket"
  packages = ["."]
  revision = "ea4d1f681babbce9545c9c5f3d5194a789c89f5b"
  version = "v1.2.0"

[[projects]]
  name = "github.com/jrick/logrotate"
  packages = ["rotator"]
  revision = "a93b200c26cbae3bb09dd0dc2c7c7fe1468a034a"
  version = "v1.0.0"

[[projects]]
  branch = "master"
  name = "github.com/kardianos/osext"
  packages = ["."]
  revision = "ae77be60afb1dcacde03767a8c37337fad28ac14"

[[projects]]
  branch = "master"
  name = "github.com/lib/pq"
  packages = [
    ".",
    "oid"
  ]
  revision = "90697d60dd844d5ef6ff15135d0203f65d2f53b8"

[[projects]]
  name = "github.com/mattn/go-colorable"
  packages = ["."]
  revision = "167de6bfdfba052fa6b2d3664c8f5272e23c9072"
  version = "v0.0.9"

[[projects]]
  name = "github.com/mattn/go-isatty"
  packages = ["."]
  revision = "0360b2af4f38e8d38c7fce2a9f4e702702d73a39"
  version = "v0.0.3"

[[projects]]
  name = "github.com/mattn/go-sqlite3"
  packages = ["."]
  revision = "25ecb14adfc7543176f7d85291ec7dba82c6f7e4"
  version = "v1.9.0"

[[projects]]
  branch = "master"
  name = "github.com/mgutz/ansi"
  packages = ["."]
  revision = "9520e82c474b0a04dd04f8a40959027271bab992"

[[projects]]
  name = "github.com/oleiade/lane"
  packages = ["."]
  revision = "28f7c3f09254f12b51e620fa4db136ba58804762"
  version = "v1.0.0"

[[projects]]
  name = "github.com/patrickmn/go-cache"
  packages = ["."]
  revision = "a3647f8e31d79543b2d0f0ae2fe5c379d72cedc0"
  version = "v2.1.0"

[[projects]]
  name = "github.com/pkg/errors"
  packages = ["."]
  revision = "645ef00459ed84a119197bfb8d8205042c6df63d"
  version = "v0.8.0"

[[projects]]
  name = "github.com/rs/cors"
  packages = ["."]
  revision = "3fb1b69b103a84de38a19c3c6ec073dd6caa4d3f"
  version = "v1.5.0"

[[projects]]
  branch = "master"
  name = "github.com/shiena/ansicolor"
  packages = ["."]
  revision = "a422bbe96644373c5753384a59d678f7d261ff10"

[[projects]]
  name = "github.com/sirupsen/logrus"
  packages = ["."]
  revision = "3e01752db0189b9157070a0e1668a620f9a85da2"
  version = "v1.0.6"

[[projects]]
  branch = "master"
  name = "golang.org/x/crypto"
  packages = [
    "internal/subtle",
    "nacl/secretbox",
    "pbkdf2",
    "poly1305",
    "ripemd160",
    "salsa20/salsa",
    "scrypt",
    "ssh/terminal"
  ]
  revision = "de0752318171da717af4ce24d0a2e8626afaeb11"

[[projects]]
  branch = "master"
  name = "golang.org/x/net"
  packages = [
    "context",
    "internal/timeseries",
    "trace",
    "websocket"
  ]
  revision = "c39426892332e1bb5ec0a434a079bf82f5d30c54"

[[projects]]
  branch = "master"
  name = "golang.org/x/sys"
  packages = [
    "unix",
    "windows"
  ]
  revision = "14742f9018cd6651ec7364dc6ee08af0baaa1031"

[[projects]]
  branch = "master"
  name = "golang.org/x/time"
  packages = ["rate"]
  revision = "fbb02b2291d28baffd63558aa44b4b56f178d650"

[solve-meta]
  analyzer-name = "dep"
  analyzer-version = 1
  inputs-digest = "e020f11afb69b0858c10f6c76367013497f8db3318779e11ccb54328a21cdc1b"
  solver-name = "gps-cdcl"
  solver-version = 1
